
Microsoft Visual Studio Solution File, Format Version 12.00
# Visual Studio 15
VisualStudioVersion = 15.0.28307.1062
MinimumVisualStudioVersion = 10.0.40219.1
Project("{FAE04EC0-301F-11D3-BF4B-00C04F79EFBC}") = "TestAPI", "TestAPI\TestAPI.csproj", "{C5AB77BF-7D78-4FA3-A0F3-CB49222969D0}"
EndProject
Global
	GlobalSection(SolutionConfigurationPlatforms) = preSolution
		Debug|Any CPU = Debug|Any CPU
		Release|Any CPU = Release|Any CPU
	EndGlobalSection
	GlobalSection(ProjectConfigurationPlatforms) = postSolution
		{C5AB77BF-7D78-4FA3-A0F3-CB49222969D0}.Debug|Any CPU.ActiveCfg = Debug|Any CPU
		{C5AB77BF-7D78-4FA3-A0F3-CB49222969D0}.Debug|Any CPU.Build.0 = Debug|Any CPU
		{C5AB77BF-7D78-4FA3-A0F3-CB49222969D0}.Release|Any CPU.ActiveCfg = Release|Any CPU
		{C5AB77BF-7D78-4FA3-A0F3-CB49222969D0}.Release|Any CPU.Build.0 = Release|Any CPU
	EndGlobalSection
	GlobalSection(SolutionProperties) = preSolution
		HideSolutionNode = FALSE
	EndGlobalSection
	GlobalSection(ExtensibilityGlobals) = postSolution
		SolutionGuid = {4700ABD7-2FDE-4E86-95F8-220CEC7187A6}
	EndGlobalSection
EndGlobal
